# Generated by buf. DO NOT EDIT.
version: v1
deps:
  - remote: buf.build
    owner: bufbuild
    repository: protovalidate
    commit: d39267d9df8f4053bbac6b956a23169f
    digest: shake256:bfb2a6f67179429b8fec30ddd03fc42538cc4d2d207e3c89e325de75fd3716335be06114666d2dd0a099eaf37cbc685c5d1b1a347537af74017e780280e64a9c
